
Microsoft Visual Studio Solution File, Format Version 12.00
# Visual Studio Version 16
VisualStudioVersion = 16.0.30523.141
MinimumVisualStudioVersion = 10.0.40219.1
Project("{FAE04EC0-301F-11D3-BF4B-00C04F79EFBC}") = "DattingAppf", "DattingAppf.csproj", "{F0040129-F282-4456-BC91-91E9807E3311}"
EndProject
Global
	GlobalSection(SolutionConfigurationPlatforms) = preSolution
		Debug|Any CPU = Debug|Any CPU
		Release|Any CPU = Release|Any CPU
	EndGlobalSection
	GlobalSection(ProjectConfigurationPlatforms) = postSolution
		{F0040129-F282-4456-BC91-91E9807E3311}.Debug|Any CPU.ActiveCfg = Debug|Any CPU
		{F0040129-F282-4456-BC91-91E9807E3311}.Debug|Any CPU.Build.0 = Debug|Any CPU
		{F0040129-F282-4456-BC91-91E9807E3311}.Release|Any CPU.ActiveCfg = Release|Any CPU
		{F0040129-F282-4456-BC91-91E9807E3311}.Release|Any CPU.Build.0 = Release|Any CPU
	EndGlobalSection
	GlobalSection(SolutionProperties) = preSolution
		HideSolutionNode = FALSE
	EndGlobalSection
	GlobalSection(ExtensibilityGlobals) = postSolution
		SolutionGuid = {7C3E82AA-E0C7-41F6-943E-F49E6DEBF47F}
	EndGlobalSection
EndGlobal
